// !$*UTF8*$!
{
	archiveVersion = 1;
	classes = {
	};
	objectVersion = 46;
	objects = {

/* Begin PBXBuildFile section */
		29C6981019DA5ADA0030A38D /* Foundation.framework in Frameworks */ = {isa = PBXBuildFile; fileRef = 29C6980F19DA5ADA0030A38D /* Foundation.framework */; };
		29C6981219DA5ADA0030A38D /* CoreGraphics.framework in Frameworks */ = {isa = PBXBuildFile; fileRef = 29C6981119DA5ADA0030A38D /* CoreGraphics.framework */; };
		29C6981419DA5ADA0030A38D /* UIKit.framework in Frameworks */ = {isa = PBXBuildFile; fileRef = 29C6981319DA5ADA0030A38D /* UIKit.framework */; };
		29C6981619DA5ADA0030A38D /* SpriteKit.framework in Frameworks */ = {isa = PBXBuildFile; fileRef = 29C6981519DA5ADA0030A38D /* SpriteKit.framework */; };
		29C6981C19DA5ADA0030A38D /* InfoPlist.strings in Resources */ = {isa = PBXBuildFile; fileRef = 29C6981A19DA5ADA0030A38D /* InfoPlist.strings */; };
		29C6981E19DA5ADA0030A38D /* main.m in Sources */ = {isa = PBXBuildFile; fileRef = 29C6981D19DA5ADA0030A38D /* main.m */; };
		29C6982219DA5ADA0030A38D /* GNGAppDelegate.m in Sources */ = {isa = PBXBuildFile; fileRef = 29C6982119DA5ADA0030A38D /* GNGAppDelegate.m */; };
		29C6982519DA5ADA0030A38D /* Main.storyboard in Resources */ = {isa = PBXBuildFile; fileRef = 29C6982319DA5ADA0030A38D /* Main.storyboard */; };
		29C6982819DA5ADA0030A38D /* GNGViewController.m in Sources */ = {isa = PBXBuildFile; fileRef = 29C6982719DA5ADA0030A38D /* GNGViewController.m */; };
		29C6982F19DA5ADA0030A38D /* Images.xcassets in Resources */ = {isa = PBXBuildFile; fileRef = 29C6982E19DA5ADA0030A38D /* Images.xcassets */; };
		29C6983619DA5ADA0030A38D /* XCTest.framework in Frameworks */ = {isa = PBXBuildFile; fileRef = 29C6983519DA5ADA0030A38D /* XCTest.framework */; };
		29C6983719DA5ADA0030A38D /* Foundation.framework in Frameworks */ = {isa = PBXBuildFile; fileRef = 29C6980F19DA5ADA0030A38D /* Foundation.framework */; };
		29C6983819DA5ADA0030A38D /* UIKit.framework in Frameworks */ = {isa = PBXBuildFile; fileRef = 29C6981319DA5ADA0030A38D /* UIKit.framework */; };
		29C6984019DA5ADB0030A38D /* InfoPlist.strings in Resources */ = {isa = PBXBuildFile; fileRef = 29C6983E19DA5ADB0030A38D /* InfoPlist.strings */; };
		29C6984219DA5ADB0030A38D /* Go_Nawaz_GoTests.m in Sources */ = {isa = PBXBuildFile; fileRef = 29C6984119DA5ADB0030A38D /* Go_Nawaz_GoTests.m */; };
		29C6984D19DA5C810030A38D /* GNGGameScene.m in Sources */ = {isa = PBXBuildFile; fileRef = 29C6984C19DA5C810030A38D /* GNGGameScene.m */; };
		29C6985319DA601A0030A38D /* GNGNawaz.m in Sources */ = {isa = PBXBuildFile; fileRef = 29C6985219DA601A0030A38D /* GNGNawaz.m */; };
		29C6985519DA63F00030A38D /* NawazAnimations.plist in Resources */ = {isa = PBXBuildFile; fileRef = 29C6985419DA63F00030A38D /* NawazAnimations.plist */; };
		29C6987519DADCD10030A38D /* Nawaz.atlas in Resources */ = {isa = PBXBuildFile; fileRef = 29C6987419DADCD10030A38D /* Nawaz.atlas */; };
		29C6987919DADF750030A38D /* NawazPuffTrail.sks in Resources */ = {isa = PBXBuildFile; fileRef = 29C6987719DADF750030A38D /* NawazPuffTrail.sks */; };
		29C6987A19DADF750030A38D /* spark.png in Resources */ = {isa = PBXBuildFile; fileRef = 29C6987819DADF750030A38D /* spark.png */; };
/* End PBXBuildFile section */

/* Begin PBXContainerItemProxy section */
		29C6983919DA5ADB0030A38D /* PBXContainerItemProxy */ = {
			isa = PBXContainerItemProxy;
			containerPortal = 29C6980419DA5ADA0030A38D /* Project object */;
			proxyType = 1;
			remoteGlobalIDString = 29C6980B19DA5ADA0030A38D;
			remoteInfo = "Go Nawaz Go";
		};
/* End PBXContainerItemProxy section */

/* Begin PBXFileReference section */
		29C6980C19DA5ADA0030A38D /* Go Nawaz Go.app */ = {isa = PBXFileReference; explicitFileType = wrapper.application; includeInIndex = 0; path = "Go Nawaz Go.app"; sourceTree = BUILT_PRODUCTS_DIR; };
		29C6980F19DA5ADA0030A38D /* Foundation.framework */ = {isa = PBXFileReference; lastKnownFileType = wrapper.framework; name = Foundation.framework; path = System/Library/Frameworks/Foundation.framework; sourceTree = SDKROOT; };
		29C6981119DA5ADA0030A38D /* CoreGraphics.framework */ = {isa = PBXFileReference; lastKnownFileType = wrapper.framework; name = CoreGraphics.framework; path = System/Library/Frameworks/CoreGraphics.framework; sourceTree = SDKROOT; };
		29C6981319DA5ADA0030A38D /* UIKit.framework */ = {isa = PBXFileReference; lastKnownFileType = wrapper.framework; name = UIKit.framework; path = System/Library/Frameworks/UIKit.framework; sourceTree = SDKROOT; };
		29C6981519DA5ADA0030A38D /* SpriteKit.framework */ = {isa = PBXFileReference; lastKnownFileType = wrapper.framework; name = SpriteKit.framework; path = System/Library/Frameworks/SpriteKit.framework; sourceTree = SDKROOT; };
		29C6981919DA5ADA0030A38D /* Go Nawaz Go-Info.plist */ = {isa = PBXFileReference; lastKnownFileType = text.plist.xml; path = "Go Nawaz Go-Info.plist"; sourceTree = "<group>"; };
		29C6981B19DA5ADA0030A38D /* en */ = {isa = PBXFileReference; lastKnownFileType = text.plist.strings; name = en; path = en.lproj/InfoPlist.strings; sourceTree = "<group>"; };
		29C6981D19DA5ADA0030A38D /* main.m */ = {isa = PBXFileReference; lastKnownFileType = sourcecode.c.objc; path = main.m; sourceTree = "<group>"; };
		29C6981F19DA5ADA0030A38D /* Go Nawaz Go-Prefix.pch */ = {isa = PBXFileReference; lastKnownFileType = sourcecode.c.h; path = "Go Nawaz Go-Prefix.pch"; sourceTree = "<group>"; };
		29C6982019DA5ADA0030A38D /* GNGAppDelegate.h */ = {isa = PBXFileReference; lastKnownFileType = sourcecode.c.h; path = GNGAppDelegate.h; sourceTree = "<group>"; };
		29C6982119DA5ADA0030A38D /* GNGAppDelegate.m */ = {isa = PBXFileReference; lastKnownFileType = sourcecode.c.objc; path = GNGAppDelegate.m; sourceTree = "<group>"; };
		29C6982419DA5ADA0030A38D /* Base */ = {isa = PBXFileReference; lastKnownFileType = file.storyboard; name = Base; path = Base.lproj/Main.storyboard; sourceTree = "<group>"; };
		29C6982619DA5ADA0030A38D /* GNGViewController.h */ = {isa = PBXFileReference; lastKnownFileType = sourcecode.c.h; path = GNGViewController.h; sourceTree = "<group>"; };
		29C6982719DA5ADA0030A38D /* GNGViewController.m */ = {isa = PBXFileReference; lastKnownFileType = sourcecode.c.objc; path = GNGViewController.m; sourceTree = "<group>"; };
		29C6982E19DA5ADA0030A38D /* Images.xcassets */ = {isa = PBXFileReference; lastKnownFileType = folder.assetcatalog; path = Images.xcassets; sourceTree = "<group>"; };
		29C6983419DA5ADA0030A38D /* Go Nawaz GoTests.xctest */ = {isa = PBXFileReference; explicitFileType = wrapper.cfbundle; includeInIndex = 0; path = "Go Nawaz GoTests.xctest"; sourceTree = BUILT_PRODUCTS_DIR; };
		29C6983519DA5ADA0030A38D /* XCTest.framework */ = {isa = PBXFileReference; lastKnownFileType = wrapper.framework; name = XCTest.framework; path = Library/Frameworks/XCTest.framework; sourceTree = DEVELOPER_DIR; };
		29C6983D19DA5ADB0030A38D /* Go Nawaz GoTests-Info.plist */ = {isa = PBXFileReference; lastKnownFileType = text.plist.xml; path = "Go Nawaz GoTests-Info.plist"; sourceTree = "<group>"; };
		29C6983F19DA5ADB0030A38D /* en */ = {isa = PBXFileReference; lastKnownFileType = text.plist.strings; name = en; path = en.lproj/InfoPlist.strings; sourceTree = "<group>"; };
		29C6984119DA5ADB0030A38D /* Go_Nawaz_GoTests.m */ = {isa = PBXFileReference; lastKnownFileType = sourcecode.c.objc; path = Go_Nawaz_GoTests.m; sourceTree = "<group>"; };
		29C6984B19DA5C810030A38D /* GNGGameScene.h */ = {isa = PBXFileReference; fileEncoding = 4; lastKnownFileType = sourcecode.c.h; path = GNGGameScene.h; sourceTree = "<group>"; };
		29C6984C19DA5C810030A38D /* GNGGameScene.m */ = {isa = PBXFileReference; fileEncoding = 4; lastKnownFileType = sourcecode.c.objc; path = GNGGameScene.m; sourceTree = "<group>"; };
		29C6985119DA601A0030A38D /* GNGNawaz.h */ = {isa = PBXFileReference; fileEncoding = 4; lastKnownFileType = sourcecode.c.h; path = GNGNawaz.h; sourceTree = "<group>"; };
		29C6985219DA601A0030A38D /* GNGNawaz.m */ = {isa = PBXFileReference; fileEncoding = 4; lastKnownFileType = sourcecode.c.objc; path = GNGNawaz.m; sourceTree = "<group>"; };
		29C6985419DA63F00030A38D /* NawazAnimations.plist */ = {isa = PBXFileReference; fileEncoding = 4; lastKnownFileType = text.plist.xml; path = NawazAnimations.plist; sourceTree = "<group>"; };
		29C6987419DADCD10030A38D /* Nawaz.atlas */ = {isa = PBXFileReference; lastKnownFileType = folder.skatlas; path = Nawaz.atlas; sourceTree = "<group>"; };
		29C6987719DADF750030A38D /* NawazPuffTrail.sks */ = {isa = PBXFileReference; lastKnownFileType = file.sks; path = NawazPuffTrail.sks; sourceTree = "<group>"; };
		29C6987819DADF750030A38D /* spark.png */ = {isa = PBXFileReference; lastKnownFileType = image.png; path = spark.png; sourceTree = "<group>"; };
/* End PBXFileReference section */

/* Begin PBXFrameworksBuildPhase section */
		29C6980919DA5ADA0030A38D /* Frameworks */ = {
			isa = PBXFrameworksBuildPhase;
			buildActionMask = 2147483647;
			files = (
				29C6981219DA5ADA0030A38D /* CoreGraphics.framework in Frameworks */,
				29C6981419DA5ADA0030A38D /* UIKit.framework in Frameworks */,
				29C6981619DA5ADA0030A38D /* SpriteKit.framework in Frameworks */,
				29C6981019DA5ADA0030A38D /* Foundation.framework in Frameworks */,
			);
			runOnlyForDeploymentPostprocessing = 0;
		};
		29C6983119DA5ADA0030A38D /* Frameworks */ = {
			isa = PBXFrameworksBuildPhase;
			buildActionMask = 2147483647;
			files = (
				29C6983619DA5ADA0030A38D /* XCTest.framework in Frameworks */,
				29C6983819DA5ADA0030A38D /* UIKit.framework in Frameworks */,
				29C6983719DA5ADA0030A38D /* Foundation.framework in Frameworks */,
			);
			runOnlyForDeploymentPostprocessing = 0;
		};
/* End PBXFrameworksBuildPhase section */

/* Begin PBXGroup section */
		29C6980319DA5ADA0030A38D = {
			isa = PBXGroup;
			children = (
				29C6981719DA5ADA0030A38D /* Go Nawaz Go */,
				29C6983B19DA5ADB0030A38D /* Go Nawaz GoTests */,
				29C6980E19DA5ADA0030A38D /* Frameworks */,
				29C6980D19DA5ADA0030A38D /* Products */,
			);
			sourceTree = "<group>";
		};
		29C6980D19DA5ADA0030A38D /* Products */ = {
			isa = PBXGroup;
			children = (
				29C6980C19DA5ADA0030A38D /* Go Nawaz Go.app */,
				29C6983419DA5ADA0030A38D /* Go Nawaz GoTests.xctest */,
			);
			name = Products;
			sourceTree = "<group>";
		};
		29C6980E19DA5ADA0030A38D /* Frameworks */ = {
			isa = PBXGroup;
			children = (
				29C6980F19DA5ADA0030A38D /* Foundation.framework */,
				29C6981119DA5ADA0030A38D /* CoreGraphics.framework */,
				29C6981319DA5ADA0030A38D /* UIKit.framework */,
				29C6981519DA5ADA0030A38D /* SpriteKit.framework */,
				29C6983519DA5ADA0030A38D /* XCTest.framework */,
			);
			name = Frameworks;
			sourceTree = "<group>";
		};
		29C6981719DA5ADA0030A38D /* Go Nawaz Go */ = {
			isa = PBXGroup;
			children = (
				29C6987619DADE790030A38D /* Particale Effects */,
				29C6987419DADCD10030A38D /* Nawaz.atlas */,
				29C6985619DA6AC60030A38D /* Resources */,
				29C6982019DA5ADA0030A38D /* GNGAppDelegate.h */,
				29C6982119DA5ADA0030A38D /* GNGAppDelegate.m */,
				29C6982319DA5ADA0030A38D /* Main.storyboard */,
				29C6982619DA5ADA0030A38D /* GNGViewController.h */,
				29C6982719DA5ADA0030A38D /* GNGViewController.m */,
				29C6984B19DA5C810030A38D /* GNGGameScene.h */,
				29C6984C19DA5C810030A38D /* GNGGameScene.m */,
				29C6985119DA601A0030A38D /* GNGNawaz.h */,
				29C6985219DA601A0030A38D /* GNGNawaz.m */,
				29C6982E19DA5ADA0030A38D /* Images.xcassets */,
				29C6981819DA5ADA0030A38D /* Supporting Files */,
			);
			path = "Go Nawaz Go";
			sourceTree = "<group>";
		};
		29C6981819DA5ADA0030A38D /* Supporting Files */ = {
			isa = PBXGroup;
			children = (
				29C6981919DA5ADA0030A38D /* Go Nawaz Go-Info.plist */,
				29C6981A19DA5ADA0030A38D /* InfoPlist.strings */,
				29C6981D19DA5ADA0030A38D /* main.m */,
				29C6981F19DA5ADA0030A38D /* Go Nawaz Go-Prefix.pch */,
			);
			name = "Supporting Files";
			sourceTree = "<group>";
		};
		29C6983B19DA5ADB0030A38D /* Go Nawaz GoTests */ = {
			isa = PBXGroup;
			children = (
				29C6984119DA5ADB0030A38D /* Go_Nawaz_GoTests.m */,
				29C6983C19DA5ADB0030A38D /* Supporting Files */,
			);
			path = "Go Nawaz GoTests";
			sourceTree = "<group>";
		};
		29C6983C19DA5ADB0030A38D /* Supporting Files */ = {
			isa = PBXGroup;
			children = (
				29C6983D19DA5ADB0030A38D /* Go Nawaz GoTests-Info.plist */,
				29C6983E19DA5ADB0030A38D /* InfoPlist.strings */,
			);
			name = "Supporting Files";
			sourceTree = "<group>";
		};
		29C6985619DA6AC60030A38D /* Resources */ = {
			isa = PBXGroup;
			children = (
				29C6985419DA63F00030A38D /* NawazAnimations.plist */,
			);
			name = Resources;
			sourceTree = "<group>";
		};
		29C6987619DADE790030A38D /* Particale Effects */ = {
			isa = PBXGroup;
			children = (
				29C6987719DADF750030A38D /* NawazPuffTrail.sks */,
				29C6987819DADF750030A38D /* spark.png */,
			);
			name = "Particale Effects";
			sourceTree = "<group>";
		};
/* End PBXGroup section */

/* Begin PBXNativeTarget section */
		29C6980B19DA5ADA0030A38D /* Go Nawaz Go */ = {
			isa = PBXNativeTarget;
			buildConfigurationList = 29C6984519DA5ADB0030A38D /* Build configuration list for PBXNativeTarget "Go Nawaz Go" */;
			buildPhases = (
				29C6980819DA5ADA0030A38D /* Sources */,
				29C6980919DA5ADA0030A38D /* Frameworks */,
				29C6980A19DA5ADA0030A38D /* Resources */,
			);
			buildRules = (
			);
			dependencies = (
			);
			name = "Go Nawaz Go";
			productName = "Go Nawaz Go";
			productReference = 29C6980C19DA5ADA0030A38D /* Go Nawaz Go.app */;
			productType = "com.apple.product-type.application";
		};
		29C6983319DA5ADA0030A38D /* Go Nawaz GoTests */ = {
			isa = PBXNativeTarget;
			buildConfigurationList = 29C6984819DA5ADB0030A38D /* Build configuration list for PBXNativeTarget "Go Nawaz GoTests" */;
			buildPhases = (
				29C6983019DA5ADA0030A38D /* Sources */,
				29C6983119DA5ADA0030A38D /* Frameworks */,
				29C6983219DA5ADA0030A38D /* Resources */,
			);
			buildRules = (
			);
			dependencies = (
				29C6983A19DA5ADB0030A38D /* PBXTargetDependency */,
			);
			name = "Go Nawaz GoTests";
			productName = "Go Nawaz GoTests";
			productReference = 29C6983419DA5ADA0030A38D /* Go Nawaz GoTests.xctest */;
			productType = "com.apple.product-type.bundle.unit-test";
		};
/* End PBXNativeTarget section */

/* Begin PBXProject section */
		29C6980419DA5ADA0030A38D /* Project object */ = {
			isa = PBXProject;
			attributes = {
				CLASSPREFIX = GNG;
				LastUpgradeCheck = 0510;
				ORGANIZATIONNAME = FahadMusafa;
				TargetAttributes = {
					29C6983319DA5ADA0030A38D = {
						TestTargetID = 29C6980B19DA5ADA0030A38D;
					};
				};
			};
			buildConfigurationList = 29C6980719DA5ADA0030A38D /* Build configuration list for PBXProject "Go Nawaz Go" */;
			compatibilityVersion = "Xcode 3.2";
			developmentRegion = English;
			hasScannedForEncodings = 0;
			knownRegions = (
				en,
				Base,
			);
			mainGroup = 29C6980319DA5ADA0030A38D;
			productRefGroup = 29C6980D19DA5ADA0030A38D /* Products */;
			projectDirPath = "";
			projectRoot = "";
			targets = (
				29C6980B19DA5ADA0030A38D /* Go Nawaz Go */,
				29C6983319DA5ADA0030A38D /* Go Nawaz GoTests */,
			);
		};
/* End PBXProject section */

/* Begin PBXResourcesBuildPhase section */
		29C6980A19DA5ADA0030A38D /* Resources */ = {
			isa = PBXResourcesBuildPhase;
			buildActionMask = 2147483647;
			files = (
				29C6981C19DA5ADA0030A38D /* InfoPlist.strings in Resources */,
				29C6987919DADF750030A38D /* NawazPuffTrail.sks in Resources */,
				29C6987519DADCD10030A38D /* Nawaz.atlas in Resources */,
				29C6987A19DADF750030A38D /* spark.png in Resources */,
				29C6985519DA63F00030A38D /* NawazAnimations.plist in Resources */,
				29C6982F19DA5ADA0030A38D /* Images.xcassets in Resources */,
				29C6982519DA5ADA0030A38D /* Main.storyboard in Resources */,
			);
			runOnlyForDeploymentPostprocessing = 0;
		};
		29C6983219DA5ADA0030A38D /* Resources */ = {
			isa = PBXResourcesBuildPhase;
			buildActionMask = 2147483647;
			files = (
				29C6984019DA5ADB0030A38D /* InfoPlist.strings in Resources */,
			);
			runOnlyForDeploymentPostprocessing = 0;
		};
/* End PBXResourcesBuildPhase section */

/* Begin PBXSourcesBuildPhase section */
		29C6980819DA5ADA0030A38D /* Sources */ = {
			isa = PBXSourcesBuildPhase;
			buildActionMask = 2147483647;
			files = (
				29C6982819DA5ADA0030A38D /* GNGViewController.m in Sources */,
				29C6981E19DA5ADA0030A38D /* main.m in Sources */,
				29C6982219DA5ADA0030A38D /* GNGAppDelegate.m in Sources */,
				29C6984D19DA5C810030A38D /* GNGGameScene.m in Sources */,
				29C6985319DA601A0030A38D /* GNGNawaz.m in Sources */,
			);
			runOnlyForDeploymentPostprocessing = 0;
		};
		29C6983019DA5ADA0030A38D /* Sources */ = {
			isa = PBXSourcesBuildPhase;
			buildActionMask = 2147483647;
			files = (
				29C6984219DA5ADB0030A38D /* Go_Nawaz_GoTests.m in Sources */,
			);
			runOnlyForDeploymentPostprocessing = 0;
		};
/* End PBXSourcesBuildPhase section */

/* Begin PBXTargetDependency section */
		29C6983A19DA5ADB0030A38D /* PBXTargetDependency */ = {
			isa = PBXTargetDependency;
			target = 29C6980B19DA5ADA0030A38D /* Go Nawaz Go */;
			targetProxy = 29C6983919DA5ADB0030A38D /* PBXContainerItemProxy */;
		};
/* End PBXTargetDependency section */

/* Begin PBXVariantGroup section */
		29C6981A19DA5ADA0030A38D /* InfoPlist.strings */ = {
			isa = PBXVariantGroup;
			children = (
				29C6981B19DA5ADA0030A38D /* en */,
			);
			name = InfoPlist.strings;
			sourceTree = "<group>";
		};
		29C6982319DA5ADA0030A38D /* Main.storyboard */ = {
			isa = PBXVariantGroup;
			children = (
				29C6982419DA5ADA0030A38D /* Base */,
			);
			name = Main.storyboard;
			sourceTree = "<group>";
		};
		29C6983E19DA5ADB0030A38D /* InfoPlist.strings */ = {
			isa = PBXVariantGroup;
			children = (
				29C6983F19DA5ADB0030A38D /* en */,
			);
			name = InfoPlist.strings;
			sourceTree = "<group>";
		};
/* End PBXVariantGroup section */

/* Begin XCBuildConfiguration section */
		29C6984319DA5ADB0030A38D /* Debug */ = {
			isa = XCBuildConfiguration;
			buildSettings = {
				ALWAYS_SEARCH_USER_PATHS = NO;
				CLANG_CXX_LANGUAGE_STANDARD = "gnu++0x";
				CLANG_CXX_LIBRARY = "libc++";
				CLANG_ENABLE_MODULES = YES;
				CLANG_ENABLE_OBJC_ARC = YES;
				CLANG_WARN_BOOL_CONVERSION = YES;
				CLANG_WARN_CONSTANT_CONVERSION = YES;
				CLANG_WARN_DIRECT_OBJC_ISA_USAGE = YES_ERROR;
				CLANG_WARN_EMPTY_BODY = YES;
				CLANG_WARN_ENUM_CONVERSION = YES;
				CLANG_WARN_INT_CONVERSION = YES;
				CLANG_WARN_OBJC_ROOT_CLASS = YES_ERROR;
				CLANG_WARN__DUPLICATE_METHOD_MATCH = YES;
				"CODE_SIGN_IDENTITY[sdk=iphoneos*]" = "iPhone Developer";
				COPY_PHASE_STRIP = NO;
				GCC_C_LANGUAGE_STANDARD = gnu99;
				GCC_DYNAMIC_NO_PIC = NO;
				GCC_OPTIMIZATION_LEVEL = 0;
				GCC_PREPROCESSOR_DEFINITIONS = (
					"DEBUG=1",
					"$(inherited)",
				);
				GCC_SYMBOLS_PRIVATE_EXTERN = NO;
				GCC_WARN_64_TO_32_BIT_CONVERSION = YES;
				GCC_WARN_ABOUT_RETURN_TYPE = YES_ERROR;
				GCC_WARN_UNDECLARED_SELECTOR = YES;
				GCC_WARN_UNINITIALIZED_AUTOS = YES_AGGRESSIVE;
				GCC_WARN_UNUSED_FUNCTION = YES;
				GCC_WARN_UNUSED_VARIABLE = YES;
				IPHONEOS_DEPLOYMENT_TARGET = 7.1;
				ONLY_ACTIVE_ARCH = YES;
				SDKROOT = iphoneos;
			};
			name = Debug;
		};
		29C6984419DA5ADB0030A38D /* Release */ = {
			isa = XCBuildConfiguration;
			buildSettings = {
				ALWAYS_SEARCH_USER_PATHS = NO;
				CLANG_CXX_LANGUAGE_STANDARD = "gnu++0x";
				CLANG_CXX_LIBRARY = "libc++";
				CLANG_ENABLE_MODULES = YES;
				CLANG_ENABLE_OBJC_ARC = YES;
				CLANG_WARN_BOOL_CONVERSION = YES;
				CLANG_WARN_CONSTANT_CONVERSION = YES;
				CLANG_WARN_DIRECT_OBJC_ISA_USAGE = YES_ERROR;
				CLANG_WARN_EMPTY_BODY = YES;
				CLANG_WARN_ENUM_CONVERSION = YES;
				CLANG_WARN_INT_CONVERSION = YES;
				CLANG_WARN_OBJC_ROOT_CLASS = YES_ERROR;
				CLANG_WARN__DUPLICATE_METHOD_MATCH = YES;
				"CODE_SIGN_IDENTITY[sdk=iphoneos*]" = "iPhone Developer";
				COPY_PHASE_STRIP = YES;
				ENABLE_NS_ASSERTIONS = NO;
				GCC_C_LANGUAGE_STANDARD = gnu99;
				GCC_WARN_64_TO_32_BIT_CONVERSION = YES;
				GCC_WARN_ABOUT_RETURN_TYPE = YES_ERROR;
				GCC_WARN_UNDECLARED_SELECTOR = YES;
				GCC_WARN_UNINITIALIZED_AUTOS = YES_AGGRESSIVE;
				GCC_WARN_UNUSED_FUNCTION = YES;
				GCC_WARN_UNUSED_VARIABLE = YES;
				IPHONEOS_DEPLOYMENT_TARGET = 7.1;
				SDKROOT = iphoneos;
				VALIDATE_PRODUCT = YES;
			};
			name = Release;
		};
		29C6984619DA5ADB0030A38D /* Debug */ = {
			isa = XCBuildConfiguration;
			buildSettings = {
				ASSETCATALOG_COMPILER_APPICON_NAME = AppIcon;
				ASSETCATALOG_COMPILER_LAUNCHIMAGE_NAME = LaunchImage;
				GCC_PRECOMPILE_PREFIX_HEADER = YES;
				GCC_PREFIX_HEADER = "Go Nawaz Go/Go Nawaz Go-Prefix.pch";
				INFOPLIST_FILE = "Go Nawaz Go/Go Nawaz Go-Info.plist";
				IPHONEOS_DEPLOYMENT_TARGET = 6.0;
				PRODUCT_NAME = "$(TARGET_NAME)";
				SPRITEKIT_TEXTURE_ATLAS_OUTPUT = YES;
				WRAPPER_EXTENSION = app;
			};
			name = Debug;
		};
		29C6984719DA5ADB0030A38D /* Release */ = {
			isa = XCBuildConfiguration;
			buildSettings = {
				ASSETCATALOG_COMPILER_APPICON_NAME = AppIcon;
				ASSETCATALOG_COMPILER_LAUNCHIMAGE_NAME = LaunchImage;
				GCC_PRECOMPILE_PREFIX_HEADER = YES;
				GCC_PREFIX_HEADER = "Go Nawaz Go/Go Nawaz Go-Prefix.pch";
				INFOPLIST_FILE = "Go Nawaz Go/Go Nawaz Go-Info.plist";
				IPHONEOS_DEPLOYMENT_TARGET = 6.0;
				PRODUCT_NAME = "$(TARGET_NAME)";
				SPRITEKIT_TEXTURE_ATLAS_OUTPUT = YES;
				WRAPPER_EXTENSION = app;
			};
			name = Release;
		};
		29C6984919DA5ADB0030A38D /* Debug */ = {
			isa = XCBuildConfiguration;
			buildSettings = {
				BUNDLE_LOADER = "$(BUILT_PRODUCTS_DIR)/Go Nawaz Go.app/Go Nawaz Go";
				FRAMEWORK_SEARCH_PATHS = (
					"$(SDKROOT)/Developer/Library/Frameworks",
					"$(inherited)",
					"$(DEVELOPER_FRAMEWORKS_DIR)",
				);
				GCC_PRECOMPILE_PREFIX_HEADER = YES;
				GCC_PREFIX_HEADER = "Go Nawaz Go/Go Nawaz Go-Prefix.pch";
				GCC_PREPROCESSOR_DEFINITIONS = (
					"DEBUG=1",
					"$(inherited)",
				);
				INFOPLIST_FILE = "Go Nawaz GoTests/Go Nawaz GoTests-Info.plist";
				PRODUCT_NAME = "$(TARGET_NAME)";
				TEST_HOST = "$(BUNDLE_LOADER)";
				WRAPPER_EXTENSION = xctest;
			};
			name = Debug;
		};
		29C6984A19DA5ADB0030A38D /* Release */ = {
			isa = XCBuildConfiguration;
			buildSettings = {
				BUNDLE_LOADER = "$(BUILT_PRODUCTS_DIR)/Go Nawaz Go.app/Go Nawaz Go";
				FRAMEWORK_SEARCH_PATHS = (
					"$(SDKROOT)/Developer/Library/Frameworks",
					"$(inherited)",
					"$(DEVELOPER_FRAMEWORKS_DIR)",
				);
				GCC_PRECOMPILE_PREFIX_HEADER = YES;
				GCC_PREFIX_HEADER = "Go Nawaz Go/Go Nawaz Go-Prefix.pch";
				INFOPLIST_FILE = "Go Nawaz GoTests/Go Nawaz GoTests-Info.plist";
				PRODUCT_NAME = "$(TARGET_NAME)";
				TEST_HOST = "$(BUNDLE_LOADER)";
				WRAPPER_EXTENSION = xctest;
			};
			name = Release;
		};
/* End XCBuildConfiguration section */

/* Begin XCConfigurationList section */
		29C6980719DA5ADA0030A38D /* Build configuration list for PBXProject "Go Nawaz Go" */ = {
			isa = XCConfigurationList;
			buildConfigurations = (
				29C6984319DA5ADB0030A38D /* Debug */,
				29C6984419DA5ADB0030A38D /* Release */,
			);
			defaultConfigurationIsVisible = 0;
			defaultConfigurationName = Release;
		};
		29C6984519DA5ADB0030A38D /* Build configuration list for PBXNativeTarget "Go Nawaz Go" */ = {
			isa = XCConfigurationList;
			buildConfigurations = (
				29C6984619DA5ADB0030A38D /* Debug */,
				29C6984719DA5ADB0030A38D /* Release */,
			);
			defaultConfigurationIsVisible = 0;
		};
		29C6984819DA5ADB0030A38D /* Build configuration list for PBXNativeTarget "Go Nawaz GoTests" */ = {
			isa = XCConfigurationList;
			buildConfigurations = (
				29C6984919DA5ADB0030A38D /* Debug */,
				29C6984A19DA5ADB0030A38D /* Release */,
			);
			defaultConfigurationIsVisible = 0;
		};
/* End XCConfigurationList section */
	};
	rootObject = 29C6980419DA5ADA0030A38D /* Project object */;
}
